<?xml version="1.0" encoding="utf-8"?>
<Project ToolsVersion="4.0" xmlns="http://schemas.microsoft.com/developer/msbuild/2003">
  <ItemGroup>
    <Filter Include="ソース ファイル">
      <UniqueIdentifier>{4FC737F1-C7A5-4376-A066-2A32D752A2FF}</UniqueIdentifier>
      <Extensions>cpp;c;cc;cxx;def;odl;idl;hpj;bat;asm;asmx</Extensions>
    </Filter>
    <Filter Include="ヘッダー ファイル">
      <UniqueIdentifier>{93995380-89BD-4b04-88EB-625FBE52EBFB}</UniqueIdentifier>
      <Extensions>h;hh;hpp;hxx;hm;inl;inc;xsd</Extensions>
    </Filter>
    <Filter Include="リソース ファイル">
      <UniqueIdentifier>{67DA6AB6-F800-4c08-8B7A-83BB121AAD01}</UniqueIdentifier>
      <Extensions>rc;ico;cur;bmp;dlg;rc2;rct;bin;rgs;gif;jpg;jpeg;jpe;resx;tiff;tif;png;wav;mfcribbon-ms</Extensions>
    </Filter>
    <Filter Include="ソース ファイル\Stars.cpp">
      <UniqueIdentifier>{28733b08-65d8-4d36-824f-51cac9dc7a74}</UniqueIdentifier>
    </Filter>
    <Filter Include="ヘッダー ファイル\Stars.h">
      <UniqueIdentifier>{44d4cbb1-2370-41b4-bc86-53d3065ebf78}</UniqueIdentifier>
    </Filter>
    <Filter Include="ソース ファイル\Scenes.cpp">
      <UniqueIdentifier>{ac736ef1-ba97-4b14-b14e-36e33c3f0ac3}</UniqueIdentifier>
    </Filter>
    <Filter Include="ヘッダー ファイル\Scenes.h">
      <UniqueIdentifier>{2a0d7451-6b99-496b-8eb1-13ef18675943}</UniqueIdentifier>
    </Filter>
  </ItemGroup>
  <ItemGroup>
    <ClCompile Include="Timer.cpp">
      <Filter>ソース ファイル</Filter>
    </ClCompile>
    <ClCompile Include="WinMain.cpp">
      <Filter>ソース ファイル</Filter>
    </ClCompile>
    <ClCompile Include="Collision.cpp">
      <Filter>ソース ファイル</Filter>
    </ClCompile>
    <ClCompile Include="debugproc.cpp">
      <Filter>ソース ファイル</Filter>
    </ClCompile>
    <ClCompile Include="Direct3D.cpp">
      <Filter>ソース ファイル</Filter>
    </ClCompile>
    <ClCompile Include="Enemy.cpp">
      <Filter>ソース ファイル</Filter>
    </ClCompile>
    <ClCompile Include="Frame.cpp">
      <Filter>ソース ファイル</Filter>
    </ClCompile>
    <ClCompile Include="GameMain.cpp">
      <Filter>ソース ファイル</Filter>
    </ClCompile>
    <ClCompile Include="Input.cpp">
      <Filter>ソース ファイル</Filter>
    </ClCompile>
    <ClCompile Include="Player.cpp">
      <Filter>ソース ファイル</Filter>
    </ClCompile>
    <ClCompile Include="Sample.cpp">
      <Filter>ソース ファイル</Filter>
    </ClCompile>
    <ClCompile Include="sound.cpp">
      <Filter>ソース ファイル</Filter>
    </ClCompile>
    <ClCompile Include="Sprite.cpp">
      <Filter>ソース ファイル</Filter>
    </ClCompile>
    <ClCompile Include="EffectCircle.cpp">
      <Filter>ソース ファイル</Filter>
    </ClCompile>
    <ClCompile Include="EffectManeger.cpp">
      <Filter>ソース ファイル</Filter>
    </ClCompile>
    <ClCompile Include="rand.cpp">
      <Filter>ソース ファイル</Filter>
    </ClCompile>
    <ClCompile Include="StageSelect.cpp">
      <Filter>ソース ファイル</Filter>
    </ClCompile>
    <ClCompile Include="SaveClearFlag.cpp">
      <Filter>ソース ファイル</Filter>
    </ClCompile>
    <ClCompile Include="BG.cpp">
      <Filter>ソース ファイル</Filter>
    </ClCompile>
    <ClCompile Include="Net.cpp">
      <Filter>ソース ファイル</Filter>
    </ClCompile>
    <ClCompile Include="Texture.cpp">
      <Filter>ソース ファイル</Filter>
    </ClCompile>
    <ClCompile Include="FixedStars.cpp">
      <Filter>ソース ファイル\Stars.cpp</Filter>
    </ClCompile>
    <ClCompile Include="BaseStar.cpp">
      <Filter>ソース ファイル\Stars.cpp</Filter>
    </ClCompile>
    <ClCompile Include="NormalStars.cpp">
      <Filter>ソース ファイル\Stars.cpp</Filter>
    </ClCompile>
    <ClCompile Include="SceneGame.cpp">
      <Filter>ソース ファイル\Scenes.cpp</Filter>
    </ClCompile>
    <ClCompile Include="SceneManeger.cpp">
      <Filter>ソース ファイル\Scenes.cpp</Filter>
    </ClCompile>
    <ClCompile Include="SceneStageSelect.cpp">
      <Filter>ソース ファイル\Scenes.cpp</Filter>
    </ClCompile>
    <ClCompile Include="SceneTitle.cpp">
      <Filter>ソース ファイル\Scenes.cpp</Filter>
    </ClCompile>
  </ItemGroup>
  <ItemGroup>
    <ClInclude Include="Collision.h">
      <Filter>ヘッダー ファイル</Filter>
    </ClInclude>
    <ClInclude Include="Common.h">
      <Filter>ヘッダー ファイル</Filter>
    </ClInclude>
    <ClInclude Include="debugproc.h">
      <Filter>ヘッダー ファイル</Filter>
    </ClInclude>
    <ClInclude Include="Direct3D.h">
      <Filter>ヘッダー ファイル</Filter>
    </ClInclude>
    <ClInclude Include="Enemy.h">
      <Filter>ヘッダー ファイル</Filter>
    </ClInclude>
    <ClInclude Include="Frame.h">
      <Filter>ヘッダー ファイル</Filter>
    </ClInclude>
    <ClInclude Include="GameMain.h">
      <Filter>ヘッダー ファイル</Filter>
    </ClInclude>
    <ClInclude Include="Input.h">
      <Filter>ヘッダー ファイル</Filter>
    </ClInclude>
    <ClInclude Include="Player.h">
      <Filter>ヘッダー ファイル</Filter>
    </ClInclude>
    <ClInclude Include="Sample.h">
      <Filter>ヘッダー ファイル</Filter>
    </ClInclude>
    <ClInclude Include="sound.h">
      <Filter>ヘッダー ファイル</Filter>
    </ClInclude>
    <ClInclude Include="Sprite.h">
      <Filter>ヘッダー ファイル</Filter>
    </ClInclude>
    <ClInclude Include="Timer.h">
      <Filter>ヘッダー ファイル</Filter>
    </ClInclude>
    <ClInclude Include="EffectCircle.h">
      <Filter>ヘッダー ファイル</Filter>
    </ClInclude>
    <ClInclude Include="EffectManeger.h">
      <Filter>ヘッダー ファイル</Filter>
    </ClInclude>
    <ClInclude Include="rand.h">
      <Filter>ヘッダー ファイル</Filter>
    </ClInclude>
    <ClInclude Include="StageSelect.h">
      <Filter>ヘッダー ファイル</Filter>
    </ClInclude>
    <ClInclude Include="SaveClearFlag.h">
      <Filter>ヘッダー ファイル</Filter>
    </ClInclude>
    <ClInclude Include="BG.h">
      <Filter>ヘッダー ファイル</Filter>
    </ClInclude>
    <ClInclude Include="Net.h">
      <Filter>ヘッダー ファイル</Filter>
    </ClInclude>
    <ClInclude Include="Texture.h">
      <Filter>ヘッダー ファイル</Filter>
    </ClInclude>
    <ClInclude Include="BaseStar.h">
      <Filter>ヘッダー ファイル\Stars.h</Filter>
    </ClInclude>
    <ClInclude Include="NormalStars.h">
      <Filter>ヘッダー ファイル\Stars.h</Filter>
    </ClInclude>
    <ClInclude Include="FixedStars.h">
      <Filter>ヘッダー ファイル\Stars.h</Filter>
    </ClInclude>
    <ClInclude Include="SceneTitle.h">
      <Filter>ヘッダー ファイル\Scenes.h</Filter>
    </ClInclude>
    <ClInclude Include="SceneGame.h">
      <Filter>ヘッダー ファイル\Scenes.h</Filter>
    </ClInclude>
    <ClInclude Include="SceneStageSelect.h">
      <Filter>ヘッダー ファイル\Scenes.h</Filter>
    </ClInclude>
    <ClInclude Include="SceneManeger.h">
      <Filter>ヘッダー ファイル\Scenes.h</Filter>
    </ClInclude>
  </ItemGroup>
</Project>